
Microsoft Visual Studio Solution File, Format Version 12.00
# Visual Studio Version 17
VisualStudioVersion = 17.14.36414.22 d17.14
MinimumVisualStudioVersion = 10.0.40219.1
Project("{FAE04EC0-301F-11D3-BF4B-00C04F79EFBC}") = "Visor de imagenes", "Visor de imagenes\Visor de imagenes.csproj", "{0E1939E9-3E2A-4A48-9A15-97C532F48E90}"
EndProject
Global
	GlobalSection(SolutionConfigurationPlatforms) = preSolution
		Debug|Any CPU = Debug|Any CPU
		Release|Any CPU = Release|Any CPU
	EndGlobalSection
	GlobalSection(ProjectConfigurationPlatforms) = postSolution
		{0E1939E9-3E2A-4A48-9A15-97C532F48E90}.Debug|Any CPU.ActiveCfg = Debug|Any CPU
		{0E1939E9-3E2A-4A48-9A15-97C532F48E90}.Debug|Any CPU.Build.0 = Debug|Any CPU
		{0E1939E9-3E2A-4A48-9A15-97C532F48E90}.Release|Any CPU.ActiveCfg = Release|Any CPU
		{0E1939E9-3E2A-4A48-9A15-97C532F48E90}.Release|Any CPU.Build.0 = Release|Any CPU
	EndGlobalSection
	GlobalSection(SolutionProperties) = preSolution
		HideSolutionNode = FALSE
	EndGlobalSection
	GlobalSection(ExtensibilityGlobals) = postSolution
		SolutionGuid = {EA8B5F11-B9FE-470D-BFE1-DC8DCF7EE723}
	EndGlobalSection
EndGlobal
